
Microsoft Visual Studio Solution File, Format Version 12.00
# Visual Studio Version 17
VisualStudioVersion = 17.9.34616.47
MinimumVisualStudioVersion = 10.0.40219.1
Project("{FAE04EC0-301F-11D3-BF4B-00C04F79EFBC}") = "NUnitDemo", "NUnitDemo\NUnitDemo.csproj", "{703C47FB-8E1C-499C-AD22-9DFAE7A20341}"
EndProject
Project("{FAE04EC0-301F-11D3-BF4B-00C04F79EFBC}") = "ApplicationUnitTest", "ApplicationUnitTest\ApplicationUnitTest.csproj", "{3B74BFC5-E1D7-4F48-AE97-B63A4E938B57}"
EndProject
Global
	GlobalSection(SolutionConfigurationPlatforms) = preSolution
		Debug|Any CPU = Debug|Any CPU
		Release|Any CPU = Release|Any CPU
	EndGlobalSection
	GlobalSection(ProjectConfigurationPlatforms) = postSolution
		{703C47FB-8E1C-499C-AD22-9DFAE7A20341}.Debug|Any CPU.ActiveCfg = Debug|Any CPU
		{703C47FB-8E1C-499C-AD22-9DFAE7A20341}.Debug|Any CPU.Build.0 = Debug|Any CPU
		{703C47FB-8E1C-499C-AD22-9DFAE7A20341}.Release|Any CPU.ActiveCfg = Release|Any CPU
		{703C47FB-8E1C-499C-AD22-9DFAE7A20341}.Release|Any CPU.Build.0 = Release|Any CPU
		{3B74BFC5-E1D7-4F48-AE97-B63A4E938B57}.Debug|Any CPU.ActiveCfg = Debug|Any CPU
		{3B74BFC5-E1D7-4F48-AE97-B63A4E938B57}.Debug|Any CPU.Build.0 = Debug|Any CPU
		{3B74BFC5-E1D7-4F48-AE97-B63A4E938B57}.Release|Any CPU.ActiveCfg = Release|Any CPU
		{3B74BFC5-E1D7-4F48-AE97-B63A4E938B57}.Release|Any CPU.Build.0 = Release|Any CPU
	EndGlobalSection
	GlobalSection(SolutionProperties) = preSolution
		HideSolutionNode = FALSE
	EndGlobalSection
	GlobalSection(ExtensibilityGlobals) = postSolution
		SolutionGuid = {7D064A0F-A287-40DD-BE08-6E94D55073E7}
	EndGlobalSection
EndGlobal
